
Microsoft Visual Studio Solution File, Format Version 12.00
# Visual Studio Version 17
VisualStudioVersion = 17.11.35303.130
MinimumVisualStudioVersion = 10.0.40219.1
Project("{FAE04EC0-301F-11D3-BF4B-00C04F79EFBC}") = "Software", "Software.csproj", "{8B482195-4004-4AEF-93A1-16D7AC815E0F}"
EndProject
Global
	GlobalSection(SolutionConfigurationPlatforms) = preSolution
		Debug|Any CPU = Debug|Any CPU
		Release|Any CPU = Release|Any CPU
	EndGlobalSection
	GlobalSection(ProjectConfigurationPlatforms) = postSolution
		{8B482195-4004-4AEF-93A1-16D7AC815E0F}.Debug|Any CPU.ActiveCfg = Debug|Any CPU
		{8B482195-4004-4AEF-93A1-16D7AC815E0F}.Debug|Any CPU.Build.0 = Debug|Any CPU
		{8B482195-4004-4AEF-93A1-16D7AC815E0F}.Release|Any CPU.ActiveCfg = Release|Any CPU
		{8B482195-4004-4AEF-93A1-16D7AC815E0F}.Release|Any CPU.Build.0 = Release|Any CPU
	EndGlobalSection
	GlobalSection(SolutionProperties) = preSolution
		HideSolutionNode = FALSE
	EndGlobalSection
	GlobalSection(ExtensibilityGlobals) = postSolution
		SolutionGuid = {EB37B9E5-1E10-4F33-B3B9-6950EF021C94}
	EndGlobalSection
EndGlobal
